
Microsoft Visual Studio Solution File, Format Version 12.00
# Visual Studio 15
VisualStudioVersion = 15.0.28307.136
MinimumVisualStudioVersion = 10.0.40219.1
Project("{FAE04EC0-301F-11D3-BF4B-00C04F79EFBC}") = "BankAppication", "BankAppication\BankAppication.csproj", "{B96AA12E-745D-4A9B-8F27-B228104C264F}"
EndProject
Project("{FAE04EC0-301F-11D3-BF4B-00C04F79EFBC}") = "BankLibrary", "BankLibrary\BankLibrary.csproj", "{AE36099C-240E-4365-85EA-5DB64B811388}"
EndProject
Global
	GlobalSection(SolutionConfigurationPlatforms) = preSolution
		Debug|Any CPU = Debug|Any CPU
		Release|Any CPU = Release|Any CPU
	EndGlobalSection
	GlobalSection(ProjectConfigurationPlatforms) = postSolution
		{B96AA12E-745D-4A9B-8F27-B228104C264F}.Debug|Any CPU.ActiveCfg = Debug|Any CPU
		{B96AA12E-745D-4A9B-8F27-B228104C264F}.Debug|Any CPU.Build.0 = Debug|Any CPU
		{B96AA12E-745D-4A9B-8F27-B228104C264F}.Release|Any CPU.ActiveCfg = Release|Any CPU
		{B96AA12E-745D-4A9B-8F27-B228104C264F}.Release|Any CPU.Build.0 = Release|Any CPU
		{AE36099C-240E-4365-85EA-5DB64B811388}.Debug|Any CPU.ActiveCfg = Debug|Any CPU
		{AE36099C-240E-4365-85EA-5DB64B811388}.Debug|Any CPU.Build.0 = Debug|Any CPU
		{AE36099C-240E-4365-85EA-5DB64B811388}.Release|Any CPU.ActiveCfg = Release|Any CPU
		{AE36099C-240E-4365-85EA-5DB64B811388}.Release|Any CPU.Build.0 = Release|Any CPU
	EndGlobalSection
	GlobalSection(SolutionProperties) = preSolution
		HideSolutionNode = FALSE
	EndGlobalSection
	GlobalSection(ExtensibilityGlobals) = postSolution
		SolutionGuid = {BF4F014A-9677-4B85-BCFC-5B6D3BDB1AEB}
	EndGlobalSection
EndGlobal
